
Microsoft Visual Studio Solution File, Format Version 12.00
# Visual Studio 14
VisualStudioVersion = 14.0.25420.1
MinimumVisualStudioVersion = 10.0.40219.1
Project("{2150E333-8FDC-42A3-9474-1A3956D46DE8}") = "src", "src", "{85721135-845B-40F3-B123-2CB68C9022B8}"
EndProject
Project("{2150E333-8FDC-42A3-9474-1A3956D46DE8}") = "Solution Items", "Solution Items", "{0230E575-22CD-4529-8388-2AAFDEB60C84}"
	ProjectSection(SolutionItems) = preProject
		global.json = global.json
	EndProjectSection
EndProject
Project("{8BB2217D-0F2D-49D1-97BC-3654ED321F3B}") = "WebApp", "src\WebApp\WebApp.xproj", "{579556B2-72A4-4FB6-93DE-3B825A2A12D1}"
EndProject
Project("{FAE04EC0-301F-11D3-BF4B-00C04F79EFBC}") = "BIProvider", "src\BIProvider\BIProvider.csproj", "{8984D83E-B7DA-4997-B621-8080B3BEB97D}"
EndProject
Project("{FAE04EC0-301F-11D3-BF4B-00C04F79EFBC}") = "DataContext", "src\DataContext\DataContext.csproj", "{599E9BB4-ED86-48B3-9264-1C8955D5D8DC}"
EndProject
Project("{FAE04EC0-301F-11D3-BF4B-00C04F79EFBC}") = "DataHandler", "src\DataHandler\DataHandler.csproj", "{C8A17EA7-DB6E-4CED-836E-6EDD8C4D2202}"
EndProject
Project("{FAE04EC0-301F-11D3-BF4B-00C04F79EFBC}") = "DataModel", "src\DataModel\DataModel.csproj", "{F8D7077C-2926-4D6D-A260-111B229173B3}"
EndProject
Project("{2150E333-8FDC-42A3-9474-1A3956D46DE8}") = "test", "test", "{9EF4F16D-66DE-4B6F-817C-0F772EFEA5BE}"
EndProject
Project("{FAE04EC0-301F-11D3-BF4B-00C04F79EFBC}") = "DataHandler.IntegrationTests", "test\DataHandler.IntegrationTests\DataHandler.IntegrationTests.csproj", "{D52842A0-8ADB-427B-AB65-A35220C8A357}"
EndProject
Project("{FAE04EC0-301F-11D3-BF4B-00C04F79EFBC}") = "Lanner.Backbone.Data.Repository", "src\Lanner.Backbone.Data.Repository\Lanner.Backbone.Data.Repository.csproj", "{5CBE006A-CF18-47A3-853E-424F6238B05F}"
EndProject
Project("{FAE04EC0-301F-11D3-BF4B-00C04F79EFBC}") = "Lanner.Backbone.Data.Repository.Test", "test\Lanner.Backbone.Data.Repository.Test\Lanner.Backbone.Data.Repository.Test.csproj", "{C7C28532-626E-47C5-8A52-E8EE3AC02DA4}"
EndProject
Project("{FAE04EC0-301F-11D3-BF4B-00C04F79EFBC}") = "Lanner.Backbone.Data.Model", "src\Lanner.Backbone.Data.Model\Lanner.Backbone.Data.Model.csproj", "{9E3F7FC1-BB00-4CD8-9951-3BDC1B02A509}"
EndProject
Project("{FAE04EC0-301F-11D3-BF4B-00C04F79EFBC}") = "Lanner.Backbone.Data.Context", "src\Lanner.Backbone.Data.Context\Lanner.Backbone.Data.Context.csproj", "{7554219D-BA23-405B-B6E9-4A9B411438E6}"
EndProject
Global
	GlobalSection(SolutionConfigurationPlatforms) = preSolution
		Debug|Any CPU = Debug|Any CPU
		Release|Any CPU = Release|Any CPU
	EndGlobalSection
	GlobalSection(ProjectConfigurationPlatforms) = postSolution
		{579556B2-72A4-4FB6-93DE-3B825A2A12D1}.Debug|Any CPU.ActiveCfg = Debug|Any CPU
		{579556B2-72A4-4FB6-93DE-3B825A2A12D1}.Debug|Any CPU.Build.0 = Debug|Any CPU
		{579556B2-72A4-4FB6-93DE-3B825A2A12D1}.Release|Any CPU.ActiveCfg = Release|Any CPU
		{579556B2-72A4-4FB6-93DE-3B825A2A12D1}.Release|Any CPU.Build.0 = Release|Any CPU
		{8984D83E-B7DA-4997-B621-8080B3BEB97D}.Debug|Any CPU.ActiveCfg = Debug|Any CPU
		{8984D83E-B7DA-4997-B621-8080B3BEB97D}.Debug|Any CPU.Build.0 = Debug|Any CPU
		{8984D83E-B7DA-4997-B621-8080B3BEB97D}.Release|Any CPU.ActiveCfg = Release|Any CPU
		{8984D83E-B7DA-4997-B621-8080B3BEB97D}.Release|Any CPU.Build.0 = Release|Any CPU
		{599E9BB4-ED86-48B3-9264-1C8955D5D8DC}.Debug|Any CPU.ActiveCfg = Debug|Any CPU
		{599E9BB4-ED86-48B3-9264-1C8955D5D8DC}.Debug|Any CPU.Build.0 = Debug|Any CPU
		{599E9BB4-ED86-48B3-9264-1C8955D5D8DC}.Release|Any CPU.ActiveCfg = Release|Any CPU
		{599E9BB4-ED86-48B3-9264-1C8955D5D8DC}.Release|Any CPU.Build.0 = Release|Any CPU
		{C8A17EA7-DB6E-4CED-836E-6EDD8C4D2202}.Debug|Any CPU.ActiveCfg = Debug|Any CPU
		{C8A17EA7-DB6E-4CED-836E-6EDD8C4D2202}.Debug|Any CPU.Build.0 = Debug|Any CPU
		{C8A17EA7-DB6E-4CED-836E-6EDD8C4D2202}.Release|Any CPU.ActiveCfg = Release|Any CPU
		{C8A17EA7-DB6E-4CED-836E-6EDD8C4D2202}.Release|Any CPU.Build.0 = Release|Any CPU
		{F8D7077C-2926-4D6D-A260-111B229173B3}.Debug|Any CPU.ActiveCfg = Debug|Any CPU
		{F8D7077C-2926-4D6D-A260-111B229173B3}.Debug|Any CPU.Build.0 = Debug|Any CPU
		{F8D7077C-2926-4D6D-A260-111B229173B3}.Release|Any CPU.ActiveCfg = Release|Any CPU
		{F8D7077C-2926-4D6D-A260-111B229173B3}.Release|Any CPU.Build.0 = Release|Any CPU
		{D52842A0-8ADB-427B-AB65-A35220C8A357}.Debug|Any CPU.ActiveCfg = Debug|Any CPU
		{D52842A0-8ADB-427B-AB65-A35220C8A357}.Debug|Any CPU.Build.0 = Debug|Any CPU
		{D52842A0-8ADB-427B-AB65-A35220C8A357}.Release|Any CPU.ActiveCfg = Release|Any CPU
		{D52842A0-8ADB-427B-AB65-A35220C8A357}.Release|Any CPU.Build.0 = Release|Any CPU
		{5CBE006A-CF18-47A3-853E-424F6238B05F}.Debug|Any CPU.ActiveCfg = Debug|Any CPU
		{5CBE006A-CF18-47A3-853E-424F6238B05F}.Debug|Any CPU.Build.0 = Debug|Any CPU
		{5CBE006A-CF18-47A3-853E-424F6238B05F}.Release|Any CPU.ActiveCfg = Release|Any CPU
		{5CBE006A-CF18-47A3-853E-424F6238B05F}.Release|Any CPU.Build.0 = Release|Any CPU
		{C7C28532-626E-47C5-8A52-E8EE3AC02DA4}.Debug|Any CPU.ActiveCfg = Debug|Any CPU
		{C7C28532-626E-47C5-8A52-E8EE3AC02DA4}.Debug|Any CPU.Build.0 = Debug|Any CPU
		{C7C28532-626E-47C5-8A52-E8EE3AC02DA4}.Release|Any CPU.ActiveCfg = Release|Any CPU
		{C7C28532-626E-47C5-8A52-E8EE3AC02DA4}.Release|Any CPU.Build.0 = Release|Any CPU
		{9E3F7FC1-BB00-4CD8-9951-3BDC1B02A509}.Debug|Any CPU.ActiveCfg = Debug|Any CPU
		{9E3F7FC1-BB00-4CD8-9951-3BDC1B02A509}.Debug|Any CPU.Build.0 = Debug|Any CPU
		{9E3F7FC1-BB00-4CD8-9951-3BDC1B02A509}.Release|Any CPU.ActiveCfg = Release|Any CPU
		{9E3F7FC1-BB00-4CD8-9951-3BDC1B02A509}.Release|Any CPU.Build.0 = Release|Any CPU
		{7554219D-BA23-405B-B6E9-4A9B411438E6}.Debug|Any CPU.ActiveCfg = Debug|Any CPU
		{7554219D-BA23-405B-B6E9-4A9B411438E6}.Debug|Any CPU.Build.0 = Debug|Any CPU
		{7554219D-BA23-405B-B6E9-4A9B411438E6}.Release|Any CPU.ActiveCfg = Release|Any CPU
		{7554219D-BA23-405B-B6E9-4A9B411438E6}.Release|Any CPU.Build.0 = Release|Any CPU
	EndGlobalSection
	GlobalSection(SolutionProperties) = preSolution
		HideSolutionNode = FALSE
	EndGlobalSection
	GlobalSection(NestedProjects) = preSolution
		{579556B2-72A4-4FB6-93DE-3B825A2A12D1} = {85721135-845B-40F3-B123-2CB68C9022B8}
		{8984D83E-B7DA-4997-B621-8080B3BEB97D} = {85721135-845B-40F3-B123-2CB68C9022B8}
		{599E9BB4-ED86-48B3-9264-1C8955D5D8DC} = {85721135-845B-40F3-B123-2CB68C9022B8}
		{C8A17EA7-DB6E-4CED-836E-6EDD8C4D2202} = {85721135-845B-40F3-B123-2CB68C9022B8}
		{F8D7077C-2926-4D6D-A260-111B229173B3} = {85721135-845B-40F3-B123-2CB68C9022B8}
		{D52842A0-8ADB-427B-AB65-A35220C8A357} = {9EF4F16D-66DE-4B6F-817C-0F772EFEA5BE}
		{5CBE006A-CF18-47A3-853E-424F6238B05F} = {85721135-845B-40F3-B123-2CB68C9022B8}
		{C7C28532-626E-47C5-8A52-E8EE3AC02DA4} = {9EF4F16D-66DE-4B6F-817C-0F772EFEA5BE}
		{9E3F7FC1-BB00-4CD8-9951-3BDC1B02A509} = {85721135-845B-40F3-B123-2CB68C9022B8}
		{7554219D-BA23-405B-B6E9-4A9B411438E6} = {85721135-845B-40F3-B123-2CB68C9022B8}
	EndGlobalSection
EndGlobal
